
Microsoft Visual Studio Solution File, Format Version 12.00
# Visual Studio Version 17
VisualStudioVersion = 17.5.33516.290
MinimumVisualStudioVersion = 10.0.40219.1
Project("{FAE04EC0-301F-11D3-BF4B-00C04F79EFBC}") = "Slot-Machine", "Slot-Machine.csproj", "{E26C27B1-064A-46D3-925E-6522D69BF9F9}"
EndProject
Global
	GlobalSection(SolutionConfigurationPlatforms) = preSolution
		Debug|Any CPU = Debug|Any CPU
		Release|Any CPU = Release|Any CPU
	EndGlobalSection
	GlobalSection(ProjectConfigurationPlatforms) = postSolution
		{E26C27B1-064A-46D3-925E-6522D69BF9F9}.Debug|Any CPU.ActiveCfg = Debug|Any CPU
		{E26C27B1-064A-46D3-925E-6522D69BF9F9}.Debug|Any CPU.Build.0 = Debug|Any CPU
		{E26C27B1-064A-46D3-925E-6522D69BF9F9}.Release|Any CPU.ActiveCfg = Release|Any CPU
		{E26C27B1-064A-46D3-925E-6522D69BF9F9}.Release|Any CPU.Build.0 = Release|Any CPU
	EndGlobalSection
	GlobalSection(SolutionProperties) = preSolution
		HideSolutionNode = FALSE
	EndGlobalSection
	GlobalSection(ExtensibilityGlobals) = postSolution
		SolutionGuid = {60C36B83-04DF-4750-B051-4E9911724DFC}
	EndGlobalSection
EndGlobal
